<?xml version="1.0" encoding="utf-8"?>
<Project ToolsVersion="4.0" xmlns="http://schemas.microsoft.com/developer/msbuild/2003">
  <ItemGroup>
    <Filter Include="app">
      <UniqueIdentifier>{8fc2ac17-0530-48dc-bc3b-3798d1c884e9}</UniqueIdentifier>
    </Filter>
    <Filter Include="common">
      <UniqueIdentifier>{c706ce94-775b-4efa-be55-dfce86c5fe7c}</UniqueIdentifier>
    </Filter>
    <Filter Include="src">
      <UniqueIdentifier>{2ac48c14-08cd-4e01-aff0-15bc18660934}</UniqueIdentifier>
    </Filter>
  </ItemGroup>
  <ItemGroup>
    <ClCompile Include="stdafx.cpp">
      <Filter>app</Filter>
    </ClCompile>
    <ClCompile Include="DAppLog.cpp">
      <Filter>src</Filter>
    </ClCompile>
    <ClCompile Include="DAppThread.cpp">
      <Filter>src</Filter>
    </ClCompile>
    <ClCompile Include="DBuf.cpp">
      <Filter>src</Filter>
    </ClCompile>
    <ClCompile Include="DMemoryPool.cpp">
      <Filter>src</Filter>
    </ClCompile>
    <ClCompile Include="Exception.cpp">
      <Filter>src</Filter>
    </ClCompile>
    <ClCompile Include="StrConvert.cpp">
      <Filter>src</Filter>
    </ClCompile>
  </ItemGroup>
  <ItemGroup>
    <ClInclude Include="stdafx.h">
      <Filter>app</Filter>
    </ClInclude>
    <ClInclude Include="targetver.h">
      <Filter>app</Filter>
    </ClInclude>
    <ClInclude Include="..\common\dbase\DAppLog.h">
      <Filter>common</Filter>
    </ClInclude>
    <ClInclude Include="..\common\dbase\DAppThread.h">
      <Filter>common</Filter>
    </ClInclude>
    <ClInclude Include="..\common\dbase\DBuf.h">
      <Filter>common</Filter>
    </ClInclude>
    <ClInclude Include="..\common\dbase\DLockerBuff.h">
      <Filter>common</Filter>
    </ClInclude>
    <ClInclude Include="..\common\dbase\DMemoryPool.h">
      <Filter>common</Filter>
    </ClInclude>
    <ClInclude Include="..\common\dbase\DObjectPool.h">
      <Filter>common</Filter>
    </ClInclude>
    <ClInclude Include="..\common\dbase\Exception.h">
      <Filter>common</Filter>
    </ClInclude>
    <ClInclude Include="..\common\dbase\StrConvert.h">
      <Filter>common</Filter>
    </ClInclude>
  </ItemGroup>
</Project>