
Microsoft Visual Studio Solution File, Format Version 12.00
# Visual Studio 2013
VisualStudioVersion = 12.0.30723.0
MinimumVisualStudioVersion = 10.0.40219.1
Project("{8BC9CEB8-8B4A-11D0-8D11-00A0C91BC942}") = "lualib", "..\src\3rdparty\lualib\lualib.vcxproj", "{75BA3CD9-A988-478D-80B8-B3C98076FD00}"
EndProject
Global
	GlobalSection(SolutionConfigurationPlatforms) = preSolution
		Debug|Win32 = Debug|Win32
		Debug|x64 = Debug|x64
		Release|Win32 = Release|Win32
		Release|x64 = Release|x64
	EndGlobalSection
	GlobalSection(ProjectConfigurationPlatforms) = postSolution
		{75BA3CD9-A988-478D-80B8-B3C98076FD00}.Debug|Win32.ActiveCfg = Debug|Win32
		{75BA3CD9-A988-478D-80B8-B3C98076FD00}.Debug|Win32.Build.0 = Debug|Win32
		{75BA3CD9-A988-478D-80B8-B3C98076FD00}.Debug|x64.ActiveCfg = Debug|x64
		{75BA3CD9-A988-478D-80B8-B3C98076FD00}.Debug|x64.Build.0 = Debug|x64
		{75BA3CD9-A988-478D-80B8-B3C98076FD00}.Release|Win32.ActiveCfg = Release|Win32
		{75BA3CD9-A988-478D-80B8-B3C98076FD00}.Release|Win32.Build.0 = Release|Win32
		{75BA3CD9-A988-478D-80B8-B3C98076FD00}.Release|x64.ActiveCfg = Release|x64
		{75BA3CD9-A988-478D-80B8-B3C98076FD00}.Release|x64.Build.0 = Release|x64
	EndGlobalSection
	GlobalSection(SolutionProperties) = preSolution
		HideSolutionNode = FALSE
	EndGlobalSection
EndGlobal
